// !$*UTF8*$!
{
	archiveVersion = 1;
	classes = {
	};
	objectVersion = 46;
	objects = {

/* Begin PBXBuildFile section */
		7BDF1FF61DB7598A00A77456 /* AppDelegate.swift in Sources */ = {isa = PBXBuildFile; fileRef = 7BDF1FF51DB7598A00A77456 /* AppDelegate.swift */; };
		7BDF1FF81DB7598A00A77456 /* ViewController.swift in Sources */ = {isa = PBXBuildFile; fileRef = 7BDF1FF71DB7598A00A77456 /* ViewController.swift */; };
		7BDF1FFB1DB7598A00A77456 /* Main.storyboard in Resources */ = {isa = PBXBuildFile; fileRef = 7BDF1FF91DB7598A00A77456 /* Main.storyboard */; };
		7BDF1FFD1DB7598A00A77456 /* Assets.xcassets in Resources */ = {isa = PBXBuildFile; fileRef = 7BDF1FFC1DB7598A00A77456 /* Assets.xcassets */; };
		7BDF20001DB7598A00A77456 /* LaunchScreen.storyboard in Resources */ = {isa = PBXBuildFile; fileRef = 7BDF1FFE1DB7598A00A77456 /* LaunchScreen.storyboard */; };
		7BDF20081DB769B100A77456 /* User.swift in Sources */ = {isa = PBXBuildFile; fileRef = 7BDF20071DB769B100A77456 /* User.swift */; };
/* End PBXBuildFile section */

/* Begin PBXFileReference section */
		7BDF1FF21DB7598A00A77456 /* SJson.app */ = {isa = PBXFileReference; explicitFileType = wrapper.application; includeInIndex = 0; path = SJson.app; sourceTree = BUILT_PRODUCTS_DIR; };
		7BDF1FF51DB7598A00A77456 /* AppDelegate.swift */ = {isa = PBXFileReference; lastKnownFileType = sourcecode.swift; path = AppDelegate.swift; sourceTree = "<group>"; };
		7BDF1FF71DB7598A00A77456 /* ViewController.swift */ = {isa = PBXFileReference; lastKnownFileType = sourcecode.swift; path = ViewController.swift; sourceTree = "<group>"; };
		7BDF1FFA1DB7598A00A77456 /* Base */ = {isa = PBXFileReference; lastKnownFileType = file.storyboard; name = Base; path = Base.lproj/Main.storyboard; sourceTree = "<group>"; };
		7BDF1FFC1DB7598A00A77456 /* Assets.xcassets */ = {isa = PBXFileReference; lastKnownFileType = folder.assetcatalog; path = Assets.xcassets; sourceTree = "<group>"; };
		7BDF1FFF1DB7598A00A77456 /* Base */ = {isa = PBXFileReference; lastKnownFileType = file.storyboard; name = Base; path = Base.lproj/LaunchScreen.storyboard; sourceTree = "<group>"; };
		7BDF20011DB7598A00A77456 /* Info.plist */ = {isa = PBXFileReference; lastKnownFileType = text.plist.xml; path = Info.plist; sourceTree = "<group>"; };
		7BDF20071DB769B100A77456 /* User.swift */ = {isa = PBXFileReference; fileEncoding = 4; lastKnownFileType = sourcecode.swift; path = User.swift; sourceTree = "<group>"; };
/* End PBXFileReference section */

/* Begin PBXFrameworksBuildPhase section */
		7BDF1FEF1DB7598A00A77456 /* Frameworks */ = {
			isa = PBXFrameworksBuildPhase;
			buildActionMask = 2147483647;
			files = (
			);
			runOnlyForDeploymentPostprocessing = 0;
		};
/* End PBXFrameworksBuildPhase section */

/* Begin PBXGroup section */
		7BDF1FE91DB7598A00A77456 = {
			isa = PBXGroup;
			children = (
				7BDF1FF41DB7598A00A77456 /* SJson */,
				7BDF1FF31DB7598A00A77456 /* Products */,
			);
			sourceTree = "<group>";
		};
		7BDF1FF31DB7598A00A77456 /* Products */ = {
			isa = PBXGroup;
			children = (
				7BDF1FF21DB7598A00A77456 /* SJson.app */,
			);
			name = Products;
			sourceTree = "<group>";
		};
		7BDF1FF41DB7598A00A77456 /* SJson */ = {
			isa = PBXGroup;
			children = (
				7BDF1FF51DB7598A00A77456 /* AppDelegate.swift */,
				7BDF1FF71DB7598A00A77456 /* ViewController.swift */,
				7BDF1FF91DB7598A00A77456 /* Main.storyboard */,
				7BDF1FFC1DB7598A00A77456 /* Assets.xcassets */,
				7BDF1FFE1DB7598A00A77456 /* LaunchScreen.storyboard */,
				7BDF20011DB7598A00A77456 /* Info.plist */,
				7BDF20071DB769B100A77456 /* User.swift */,
			);
			path = SJson;
			sourceTree = "<group>";
		};
/* End PBXGroup section */

/* Begin PBXNativeTarget section */
		7BDF1FF11DB7598A00A77456 /* SJson */ = {
			isa = PBXNativeTarget;
			buildConfigurationList = 7BDF20041DB7598A00A77456 /* Build configuration list for PBXNativeTarget "SJson" */;
			buildPhases = (
				7BDF1FEE1DB7598A00A77456 /* Sources */,
				7BDF1FEF1DB7598A00A77456 /* Frameworks */,
				7BDF1FF01DB7598A00A77456 /* Resources */,
			);
			buildRules = (
			);
			dependencies = (
			);
			name = SJson;
			productName = SJson;
			productReference = 7BDF1FF21DB7598A00A77456 /* SJson.app */;
			productType = "com.apple.product-type.application";
		};
/* End PBXNativeTarget section */

/* Begin PBXProject section */
		7BDF1FEA1DB7598A00A77456 /* Project object */ = {
			isa = PBXProject;
			attributes = {
				LastSwiftUpdateCheck = 0730;
				LastUpgradeCheck = 0730;
				ORGANIZATIONNAME = TDC;
				TargetAttributes = {
					7BDF1FF11DB7598A00A77456 = {
						CreatedOnToolsVersion = 7.3.1;
						DevelopmentTeam = 9X943UQP2K;
					};
				};
			};
			buildConfigurationList = 7BDF1FED1DB7598A00A77456 /* Build configuration list for PBXProject "SJson" */;
			compatibilityVersion = "Xcode 3.2";
			developmentRegion = English;
			hasScannedForEncodings = 0;
			knownRegions = (
				en,
				Base,
			);
			mainGroup = 7BDF1FE91DB7598A00A77456;
			productRefGroup = 7BDF1FF31DB7598A00A77456 /* Products */;
			projectDirPath = "";
			projectRoot = "";
			targets = (
				7BDF1FF11DB7598A00A77456 /* SJson */,
			);
		};
/* End PBXProject section */

/* Begin PBXResourcesBuildPhase section */
		7BDF1FF01DB7598A00A77456 /* Resources */ = {
			isa = PBXResourcesBuildPhase;
			buildActionMask = 2147483647;
			files = (
				7BDF20001DB7598A00A77456 /* LaunchScreen.storyboard in Resources */,
				7BDF1FFD1DB7598A00A77456 /* Assets.xcassets in Resources */,
				7BDF1FFB1DB7598A00A77456 /* Main.storyboard in Resources */,
			);
			runOnlyForDeploymentPostprocessing = 0;
		};
/* End PBXResourcesBuildPhase section */

/* Begin PBXSourcesBuildPhase section */
		7BDF1FEE1DB7598A00A77456 /* Sources */ = {
			isa = PBXSourcesBuildPhase;
			buildActionMask = 2147483647;
			files = (
				7BDF1FF81DB7598A00A77456 /* ViewController.swift in Sources */,
				7BDF1FF61DB7598A00A77456 /* AppDelegate.swift in Sources */,
				7BDF20081DB769B100A77456 /* User.swift in Sources */,
			);
			runOnlyForDeploymentPostprocessing = 0;
		};
/* End PBXSourcesBuildPhase section */

/* Begin PBXVariantGroup section */
		7BDF1FF91DB7598A00A77456 /* Main.storyboard */ = {
			isa = PBXVariantGroup;
			children = (
				7BDF1FFA1DB7598A00A77456 /* Base */,
			);
			name = Main.storyboard;
			sourceTree = "<group>";
		};
		7BDF1FFE1DB7598A00A77456 /* LaunchScreen.storyboard */ = {
			isa = PBXVariantGroup;
			children = (
				7BDF1FFF1DB7598A00A77456 /* Base */,
			);
			name = LaunchScreen.storyboard;
			sourceTree = "<group>";
		};
/* End PBXVariantGroup section */

/* Begin XCBuildConfiguration section */
		7BDF20021DB7598A00A77456 /* Debug */ = {
			isa = XCBuildConfiguration;
			buildSettings = {
				ALWAYS_SEARCH_USER_PATHS = NO;
				CLANG_ANALYZER_NONNULL = YES;
				CLANG_CXX_LANGUAGE_STANDARD = "gnu++0x";
				CLANG_CXX_LIBRARY = "libc++";
				CLANG_ENABLE_MODULES = YES;
				CLANG_ENABLE_OBJC_ARC = YES;
				CLANG_WARN_BOOL_CONVERSION = YES;
				CLANG_WARN_CONSTANT_CONVERSION = YES;
				CLANG_WARN_DIRECT_OBJC_ISA_USAGE = YES_ERROR;
				CLANG_WARN_EMPTY_BODY = YES;
				CLANG_WARN_ENUM_CONVERSION = YES;
				CLANG_WARN_INT_CONVERSION = YES;
				CLANG_WARN_OBJC_ROOT_CLASS = YES_ERROR;
				CLANG_WARN_UNREACHABLE_CODE = YES;
				CLANG_WARN__DUPLICATE_METHOD_MATCH = YES;
				"CODE_SIGN_IDENTITY[sdk=iphoneos*]" = "iPhone Developer";
				COPY_PHASE_STRIP = NO;
				DEBUG_INFORMATION_FORMAT = dwarf;
				ENABLE_STRICT_OBJC_MSGSEND = YES;
				ENABLE_TESTABILITY = YES;
				GCC_C_LANGUAGE_STANDARD = gnu99;
				GCC_DYNAMIC_NO_PIC = NO;
				GCC_NO_COMMON_BLOCKS = YES;
				GCC_OPTIMIZATION_LEVEL = 0;
				GCC_PREPROCESSOR_DEFINITIONS = (
					"DEBUG=1",
					"$(inherited)",
				);
				GCC_WARN_64_TO_32_BIT_CONVERSION = YES;
				GCC_WARN_ABOUT_RETURN_TYPE = YES_ERROR;
				GCC_WARN_UNDECLARED_SELECTOR = YES;
				GCC_WARN_UNINITIALIZED_AUTOS = YES_AGGRESSIVE;
				GCC_WARN_UNUSED_FUNCTION = YES;
				GCC_WARN_UNUSED_VARIABLE = YES;
				IPHONEOS_DEPLOYMENT_TARGET = 9.3;
				MTL_ENABLE_DEBUG_INFO = YES;
				ONLY_ACTIVE_ARCH = YES;
				SDKROOT = iphoneos;
				SWIFT_OPTIMIZATION_LEVEL = "-Onone";
			};
			name = Debug;
		};
		7BDF20031DB7598A00A77456 /* Release */ = {
			isa = XCBuildConfiguration;
			buildSettings = {
				ALWAYS_SEARCH_USER_PATHS = NO;
				CLANG_ANALYZER_NONNULL = YES;
				CLANG_CXX_LANGUAGE_STANDARD = "gnu++0x";
				CLANG_CXX_LIBRARY = "libc++";
				CLANG_ENABLE_MODULES = YES;
				CLANG_ENABLE_OBJC_ARC = YES;
				CLANG_WARN_BOOL_CONVERSION = YES;
				CLANG_WARN_CONSTANT_CONVERSION = YES;
				CLANG_WARN_DIRECT_OBJC_ISA_USAGE = YES_ERROR;
				CLANG_WARN_EMPTY_BODY = YES;
				CLANG_WARN_ENUM_CONVERSION = YES;
				CLANG_WARN_INT_CONVERSION = YES;
				CLANG_WARN_OBJC_ROOT_CLASS = YES_ERROR;
				CLANG_WARN_UNREACHABLE_CODE = YES;
				CLANG_WARN__DUPLICATE_METHOD_MATCH = YES;
				"CODE_SIGN_IDENTITY[sdk=iphoneos*]" = "iPhone Developer";
				COPY_PHASE_STRIP = NO;
				DEBUG_INFORMATION_FORMAT = "dwarf-with-dsym";
				ENABLE_NS_ASSERTIONS = NO;
				ENABLE_STRICT_OBJC_MSGSEND = YES;
				GCC_C_LANGUAGE_STANDARD = gnu99;
				GCC_NO_COMMON_BLOCKS = YES;
				GCC_WARN_64_TO_32_BIT_CONVERSION = YES;
				GCC_WARN_ABOUT_RETURN_TYPE = YES_ERROR;
				GCC_WARN_UNDECLARED_SELECTOR = YES;
				GCC_WARN_UNINITIALIZED_AUTOS = YES_AGGRESSIVE;
				GCC_WARN_UNUSED_FUNCTION = YES;
				GCC_WARN_UNUSED_VARIABLE = YES;
				IPHONEOS_DEPLOYMENT_TARGET = 9.3;
				MTL_ENABLE_DEBUG_INFO = NO;
				SDKROOT = iphoneos;
				VALIDATE_PRODUCT = YES;
			};
			name = Release;
		};
		7BDF20051DB7598A00A77456 /* Debug */ = {
			isa = XCBuildConfiguration;
			buildSettings = {
				ASSETCATALOG_COMPILER_APPICON_NAME = AppIcon;
				CODE_SIGN_IDENTITY = "iPhone Developer";
				"CODE_SIGN_IDENTITY[sdk=iphoneos*]" = "iPhone Developer";
				INFOPLIST_FILE = SJson/Info.plist;
				LD_RUNPATH_SEARCH_PATHS = "$(inherited) @executable_path/Frameworks";
				PRODUCT_BUNDLE_IDENTIFIER = com.tdc.SJson;
				PRODUCT_NAME = "$(TARGET_NAME)";
				PROVISIONING_PROFILE = "";
			};
			name = Debug;
		};
		7BDF20061DB7598A00A77456 /* Release */ = {
			isa = XCBuildConfiguration;
			buildSettings = {
				ASSETCATALOG_COMPILER_APPICON_NAME = AppIcon;
				CODE_SIGN_IDENTITY = "iPhone Developer";
				"CODE_SIGN_IDENTITY[sdk=iphoneos*]" = "iPhone Developer";
				INFOPLIST_FILE = SJson/Info.plist;
				LD_RUNPATH_SEARCH_PATHS = "$(inherited) @executable_path/Frameworks";
				PRODUCT_BUNDLE_IDENTIFIER = com.tdc.SJson;
				PRODUCT_NAME = "$(TARGET_NAME)";
				PROVISIONING_PROFILE = "";
			};
			name = Release;
		};
/* End XCBuildConfiguration section */

/* Begin XCConfigurationList section */
		7BDF1FED1DB7598A00A77456 /* Build configuration list for PBXProject "SJson" */ = {
			isa = XCConfigurationList;
			buildConfigurations = (
				7BDF20021DB7598A00A77456 /* Debug */,
				7BDF20031DB7598A00A77456 /* Release */,
			);
			defaultConfigurationIsVisible = 0;
			defaultConfigurationName = Release;
		};
		7BDF20041DB7598A00A77456 /* Build configuration list for PBXNativeTarget "SJson" */ = {
			isa = XCConfigurationList;
			buildConfigurations = (
				7BDF20051DB7598A00A77456 /* Debug */,
				7BDF20061DB7598A00A77456 /* Release */,
			);
			defaultConfigurationIsVisible = 0;
		};
/* End XCConfigurationList section */
	};
	rootObject = 7BDF1FEA1DB7598A00A77456 /* Project object */;
}
